{
  "name": "160194-six-cities-7",
  "lockfileVersion": 2,
  "requires": true,
  "packages": {
    "": {
      "dependencies": {
        "@htmlacademy/cra-template": "^1.0.4"
      }
    },
    "node_modules/@htmlacademy/cra-template": {
      "version": "1.0.4",
      "resolved": "https://registry.npmjs.org/@htmlacademy/cra-template/-/cra-template-1.0.4.tgz",
      "integrity": "sha512-uaWuIDjpa56b8sSSo7wPzESzMFTL6yEeU/NhdiIW/GrN+PicMD9mRhWKxF2g4kQg/EgVYSHmQxdY8jJfWR6yOw==",
      "engines": {
        "node": ">=12"
      }
    }
  },
  "dependencies": {
    "@htmlacademy/cra-template": {
      "version": "1.0.4",
      "resolved": "https://registry.npmjs.org/@htmlacademy/cra-template/-/cra-template-1.0.4.tgz",
      "integrity": "sha512-uaWuIDjpa56b8sSSo7wPzESzMFTL6yEeU/NhdiIW/GrN+PicMD9mRhWKxF2g4kQg/EgVYSHmQxdY8jJfWR6yOw=="
    }
  }
}
